// !$*UTF8*$!
{
	archiveVersion = 1;
	classes = {
	};
	objectVersion = 56;
	objects = {

/* Begin PBXBuildFile section */
		04287AD128FF97740087EB20 /* song3.mp3 in Resources */ = {isa = PBXBuildFile; fileRef = 04287AD028FF97740087EB20 /* song3.mp3 */; };
		04287AD828FFB5710087EB20 /* ItemSongTableViewCell.swift in Sources */ = {isa = PBXBuildFile; fileRef = 04287AD728FFB5710087EB20 /* ItemSongTableViewCell.swift */; };
		04287ADA28FFB5970087EB20 /* SongListViewController.swift in Sources */ = {isa = PBXBuildFile; fileRef = 04287AD928FFB5970087EB20 /* SongListViewController.swift */; };
		04287AE228FFD1D90087EB20 /* Assets.xcassets in Resources */ = {isa = PBXBuildFile; fileRef = 04287AE128FFD1D90087EB20 /* Assets.xcassets */; };
		0448FF9A28FCE63F000B0403 /* AppDelegate.swift in Sources */ = {isa = PBXBuildFile; fileRef = 0448FF9928FCE63F000B0403 /* AppDelegate.swift */; };
		0448FF9C28FCE63F000B0403 /* SceneDelegate.swift in Sources */ = {isa = PBXBuildFile; fileRef = 0448FF9B28FCE63F000B0403 /* SceneDelegate.swift */; };
		0448FFA128FCE63F000B0403 /* Main.storyboard in Resources */ = {isa = PBXBuildFile; fileRef = 0448FF9F28FCE63F000B0403 /* Main.storyboard */; };
		0448FFA628FCE640000B0403 /* LaunchScreen.storyboard in Resources */ = {isa = PBXBuildFile; fileRef = 0448FFA428FCE640000B0403 /* LaunchScreen.storyboard */; };
		0448FFAE28FCE750000B0403 /* PlayMediaViewController.swift in Sources */ = {isa = PBXBuildFile; fileRef = 0448FFAD28FCE750000B0403 /* PlayMediaViewController.swift */; };
		0448FFB128FCE7CD000B0403 /* MusicModel.swift in Sources */ = {isa = PBXBuildFile; fileRef = 0448FFB028FCE7CD000B0403 /* MusicModel.swift */; };
		0448FFB428FCE87A000B0403 /* song1.mp3 in Resources */ = {isa = PBXBuildFile; fileRef = 0448FFB328FCE87A000B0403 /* song1.mp3 */; };
		0448FFB628FCE8AA000B0403 /* song2.mp3 in Resources */ = {isa = PBXBuildFile; fileRef = 0448FFB528FCE8AA000B0403 /* song2.mp3 */; };
		0450A7BE28FD346B00C92941 /* ListMusic.swift in Sources */ = {isa = PBXBuildFile; fileRef = 0450A7BD28FD346B00C92941 /* ListMusic.swift */; };
/* End PBXBuildFile section */

/* Begin PBXFileReference section */
		04287AD028FF97740087EB20 /* song3.mp3 */ = {isa = PBXFileReference; lastKnownFileType = audio.mp3; path = song3.mp3; sourceTree = "<group>"; };
		04287AD728FFB5710087EB20 /* ItemSongTableViewCell.swift */ = {isa = PBXFileReference; lastKnownFileType = sourcecode.swift; path = ItemSongTableViewCell.swift; sourceTree = "<group>"; };
		04287AD928FFB5970087EB20 /* SongListViewController.swift */ = {isa = PBXFileReference; lastKnownFileType = sourcecode.swift; path = SongListViewController.swift; sourceTree = "<group>"; };
		04287AE128FFD1D90087EB20 /* Assets.xcassets */ = {isa = PBXFileReference; lastKnownFileType = folder.assetcatalog; path = Assets.xcassets; sourceTree = "<group>"; };
		0448FF9628FCE63F000B0403 /* AppMusicPlayer.app */ = {isa = PBXFileReference; explicitFileType = wrapper.application; includeInIndex = 0; path = AppMusicPlayer.app; sourceTree = BUILT_PRODUCTS_DIR; };
		0448FF9928FCE63F000B0403 /* AppDelegate.swift */ = {isa = PBXFileReference; lastKnownFileType = sourcecode.swift; path = AppDelegate.swift; sourceTree = "<group>"; };
		0448FF9B28FCE63F000B0403 /* SceneDelegate.swift */ = {isa = PBXFileReference; lastKnownFileType = sourcecode.swift; path = SceneDelegate.swift; sourceTree = "<group>"; };
		0448FFA028FCE63F000B0403 /* Base */ = {isa = PBXFileReference; lastKnownFileType = file.storyboard; name = Base; path = Base.lproj/Main.storyboard; sourceTree = "<group>"; };
		0448FFA528FCE640000B0403 /* Base */ = {isa = PBXFileReference; lastKnownFileType = file.storyboard; name = Base; path = Base.lproj/LaunchScreen.storyboard; sourceTree = "<group>"; };
		0448FFA728FCE640000B0403 /* Info.plist */ = {isa = PBXFileReference; lastKnownFileType = text.plist.xml; path = Info.plist; sourceTree = "<group>"; };
		0448FFAD28FCE750000B0403 /* PlayMediaViewController.swift */ = {isa = PBXFileReference; lastKnownFileType = sourcecode.swift; path = PlayMediaViewController.swift; sourceTree = "<group>"; };
		0448FFB028FCE7CD000B0403 /* MusicModel.swift */ = {isa = PBXFileReference; lastKnownFileType = sourcecode.swift; path = MusicModel.swift; sourceTree = "<group>"; };
		0448FFB328FCE87A000B0403 /* song1.mp3 */ = {isa = PBXFileReference; lastKnownFileType = audio.mp3; path = song1.mp3; sourceTree = "<group>"; };
		0448FFB528FCE8AA000B0403 /* song2.mp3 */ = {isa = PBXFileReference; lastKnownFileType = audio.mp3; path = song2.mp3; sourceTree = "<group>"; };
		0450A7BD28FD346B00C92941 /* ListMusic.swift */ = {isa = PBXFileReference; lastKnownFileType = sourcecode.swift; path = ListMusic.swift; sourceTree = "<group>"; };
/* End PBXFileReference section */

/* Begin PBXFrameworksBuildPhase section */
		0448FF9328FCE63F000B0403 /* Frameworks */ = {
			isa = PBXFrameworksBuildPhase;
			buildActionMask = 2147483647;
			files = (
			);
			runOnlyForDeploymentPostprocessing = 0;
		};
/* End PBXFrameworksBuildPhase section */

/* Begin PBXGroup section */
		0448FF8D28FCE63F000B0403 = {
			isa = PBXGroup;
			children = (
				0448FFB728FCE957000B0403 /* DataMusic */,
				0448FFB228FCE839000B0403 /* FileMusic */,
				0448FFAF28FCE7AE000B0403 /* Models */,
				0448FF9828FCE63F000B0403 /* AppMusicPlayer */,
				0448FF9728FCE63F000B0403 /* Products */,
			);
			sourceTree = "<group>";
		};
		0448FF9728FCE63F000B0403 /* Products */ = {
			isa = PBXGroup;
			children = (
				0448FF9628FCE63F000B0403 /* AppMusicPlayer.app */,
			);
			name = Products;
			sourceTree = "<group>";
		};
		0448FF9828FCE63F000B0403 /* AppMusicPlayer */ = {
			isa = PBXGroup;
			children = (
				0448FF9928FCE63F000B0403 /* AppDelegate.swift */,
				0448FF9B28FCE63F000B0403 /* SceneDelegate.swift */,
				0448FF9F28FCE63F000B0403 /* Main.storyboard */,
				0448FFA428FCE640000B0403 /* LaunchScreen.storyboard */,
				0448FFA728FCE640000B0403 /* Info.plist */,
				0448FFAD28FCE750000B0403 /* PlayMediaViewController.swift */,
				04287AD728FFB5710087EB20 /* ItemSongTableViewCell.swift */,
				04287AD928FFB5970087EB20 /* SongListViewController.swift */,
				04287AE128FFD1D90087EB20 /* Assets.xcassets */,
			);
			path = AppMusicPlayer;
			sourceTree = "<group>";
		};
		0448FFAF28FCE7AE000B0403 /* Models */ = {
			isa = PBXGroup;
			children = (
				0448FFB028FCE7CD000B0403 /* MusicModel.swift */,
			);
			path = Models;
			sourceTree = "<group>";
		};
		0448FFB228FCE839000B0403 /* FileMusic */ = {
			isa = PBXGroup;
			children = (
				0448FFB328FCE87A000B0403 /* song1.mp3 */,
				0448FFB528FCE8AA000B0403 /* song2.mp3 */,
				04287AD028FF97740087EB20 /* song3.mp3 */,
			);
			path = FileMusic;
			sourceTree = "<group>";
		};
		0448FFB728FCE957000B0403 /* DataMusic */ = {
			isa = PBXGroup;
			children = (
				0450A7BD28FD346B00C92941 /* ListMusic.swift */,
			);
			path = DataMusic;
			sourceTree = "<group>";
		};
/* End PBXGroup section */

/* Begin PBXNativeTarget section */
		0448FF9528FCE63F000B0403 /* AppMusicPlayer */ = {
			isa = PBXNativeTarget;
			buildConfigurationList = 0448FFAA28FCE640000B0403 /* Build configuration list for PBXNativeTarget "AppMusicPlayer" */;
			buildPhases = (
				0448FF9228FCE63F000B0403 /* Sources */,
				0448FF9328FCE63F000B0403 /* Frameworks */,
				0448FF9428FCE63F000B0403 /* Resources */,
			);
			buildRules = (
			);
			dependencies = (
			);
			name = AppMusicPlayer;
			productName = AppMusicPlayer;
			productReference = 0448FF9628FCE63F000B0403 /* AppMusicPlayer.app */;
			productType = "com.apple.product-type.application";
		};
/* End PBXNativeTarget section */

/* Begin PBXProject section */
		0448FF8E28FCE63F000B0403 /* Project object */ = {
			isa = PBXProject;
			attributes = {
				BuildIndependentTargetsInParallel = 1;
				LastSwiftUpdateCheck = 1400;
				LastUpgradeCheck = 1400;
				TargetAttributes = {
					0448FF9528FCE63F000B0403 = {
						CreatedOnToolsVersion = 14.0.1;
					};
				};
			};
			buildConfigurationList = 0448FF9128FCE63F000B0403 /* Build configuration list for PBXProject "AppMusicPlayer" */;
			compatibilityVersion = "Xcode 14.0";
			developmentRegion = en;
			hasScannedForEncodings = 0;
			knownRegions = (
				en,
				Base,
			);
			mainGroup = 0448FF8D28FCE63F000B0403;
			productRefGroup = 0448FF9728FCE63F000B0403 /* Products */;
			projectDirPath = "";
			projectRoot = "";
			targets = (
				0448FF9528FCE63F000B0403 /* AppMusicPlayer */,
			);
		};
/* End PBXProject section */

/* Begin PBXResourcesBuildPhase section */
		0448FF9428FCE63F000B0403 /* Resources */ = {
			isa = PBXResourcesBuildPhase;
			buildActionMask = 2147483647;
			files = (
				0448FFA628FCE640000B0403 /* LaunchScreen.storyboard in Resources */,
				04287AD128FF97740087EB20 /* song3.mp3 in Resources */,
				0448FFA128FCE63F000B0403 /* Main.storyboard in Resources */,
				0448FFB428FCE87A000B0403 /* song1.mp3 in Resources */,
				0448FFB628FCE8AA000B0403 /* song2.mp3 in Resources */,
				04287AE228FFD1D90087EB20 /* Assets.xcassets in Resources */,
			);
			runOnlyForDeploymentPostprocessing = 0;
		};
/* End PBXResourcesBuildPhase section */

/* Begin PBXSourcesBuildPhase section */
		0448FF9228FCE63F000B0403 /* Sources */ = {
			isa = PBXSourcesBuildPhase;
			buildActionMask = 2147483647;
			files = (
				04287ADA28FFB5970087EB20 /* SongListViewController.swift in Sources */,
				0448FFAE28FCE750000B0403 /* PlayMediaViewController.swift in Sources */,
				0448FF9A28FCE63F000B0403 /* AppDelegate.swift in Sources */,
				0448FFB128FCE7CD000B0403 /* MusicModel.swift in Sources */,
				0448FF9C28FCE63F000B0403 /* SceneDelegate.swift in Sources */,
				0450A7BE28FD346B00C92941 /* ListMusic.swift in Sources */,
				04287AD828FFB5710087EB20 /* ItemSongTableViewCell.swift in Sources */,
			);
			runOnlyForDeploymentPostprocessing = 0;
		};
/* End PBXSourcesBuildPhase section */

/* Begin PBXVariantGroup section */
		0448FF9F28FCE63F000B0403 /* Main.storyboard */ = {
			isa = PBXVariantGroup;
			children = (
				0448FFA028FCE63F000B0403 /* Base */,
			);
			name = Main.storyboard;
			sourceTree = "<group>";
		};
		0448FFA428FCE640000B0403 /* LaunchScreen.storyboard */ = {
			isa = PBXVariantGroup;
			children = (
				0448FFA528FCE640000B0403 /* Base */,
			);
			name = LaunchScreen.storyboard;
			sourceTree = "<group>";
		};
/* End PBXVariantGroup section */

/* Begin XCBuildConfiguration section */
		0448FFA828FCE640000B0403 /* Debug */ = {
			isa = XCBuildConfiguration;
			buildSettings = {
				ALWAYS_SEARCH_USER_PATHS = NO;
				CLANG_ANALYZER_NONNULL = YES;
				CLANG_ANALYZER_NUMBER_OBJECT_CONVERSION = YES_AGGRESSIVE;
				CLANG_CXX_LANGUAGE_STANDARD = "gnu++20";
				CLANG_ENABLE_MODULES = YES;
				CLANG_ENABLE_OBJC_ARC = YES;
				CLANG_ENABLE_OBJC_WEAK = YES;
				CLANG_WARN_BLOCK_CAPTURE_AUTORELEASING = YES;
				CLANG_WARN_BOOL_CONVERSION = YES;
				CLANG_WARN_COMMA = YES;
				CLANG_WARN_CONSTANT_CONVERSION = YES;
				CLANG_WARN_DEPRECATED_OBJC_IMPLEMENTATIONS = YES;
				CLANG_WARN_DIRECT_OBJC_ISA_USAGE = YES_ERROR;
				CLANG_WARN_DOCUMENTATION_COMMENTS = YES;
				CLANG_WARN_EMPTY_BODY = YES;
				CLANG_WARN_ENUM_CONVERSION = YES;
				CLANG_WARN_INFINITE_RECURSION = YES;
				CLANG_WARN_INT_CONVERSION = YES;
				CLANG_WARN_NON_LITERAL_NULL_CONVERSION = YES;
				CLANG_WARN_OBJC_IMPLICIT_RETAIN_SELF = YES;
				CLANG_WARN_OBJC_LITERAL_CONVERSION = YES;
				CLANG_WARN_OBJC_ROOT_CLASS = YES_ERROR;
				CLANG_WARN_QUOTED_INCLUDE_IN_FRAMEWORK_HEADER = YES;
				CLANG_WARN_RANGE_LOOP_ANALYSIS = YES;
				CLANG_WARN_STRICT_PROTOTYPES = YES;
				CLANG_WARN_SUSPICIOUS_MOVE = YES;
				CLANG_WARN_UNGUARDED_AVAILABILITY = YES_AGGRESSIVE;
				CLANG_WARN_UNREACHABLE_CODE = YES;
				CLANG_WARN__DUPLICATE_METHOD_MATCH = YES;
				COPY_PHASE_STRIP = NO;
				DEBUG_INFORMATION_FORMAT = dwarf;
				ENABLE_STRICT_OBJC_MSGSEND = YES;
				ENABLE_TESTABILITY = YES;
				GCC_C_LANGUAGE_STANDARD = gnu11;
				GCC_DYNAMIC_NO_PIC = NO;
				GCC_NO_COMMON_BLOCKS = YES;
				GCC_OPTIMIZATION_LEVEL = 0;
				GCC_PREPROCESSOR_DEFINITIONS = (
					"DEBUG=1",
					"$(inherited)",
				);
				GCC_WARN_64_TO_32_BIT_CONVERSION = YES;
				GCC_WARN_ABOUT_RETURN_TYPE = YES_ERROR;
				GCC_WARN_UNDECLARED_SELECTOR = YES;
				GCC_WARN_UNINITIALIZED_AUTOS = YES_AGGRESSIVE;
				GCC_WARN_UNUSED_FUNCTION = YES;
				GCC_WARN_UNUSED_VARIABLE = YES;
				IPHONEOS_DEPLOYMENT_TARGET = 16.0;
				MTL_ENABLE_DEBUG_INFO = INCLUDE_SOURCE;
				MTL_FAST_MATH = YES;
				ONLY_ACTIVE_ARCH = YES;
				SDKROOT = iphoneos;
				SWIFT_ACTIVE_COMPILATION_CONDITIONS = DEBUG;
				SWIFT_OPTIMIZATION_LEVEL = "-Onone";
			};
			name = Debug;
		};
		0448FFA928FCE640000B0403 /* Release */ = {
			isa = XCBuildConfiguration;
			buildSettings = {
				ALWAYS_SEARCH_USER_PATHS = NO;
				CLANG_ANALYZER_NONNULL = YES;
				CLANG_ANALYZER_NUMBER_OBJECT_CONVERSION = YES_AGGRESSIVE;
				CLANG_CXX_LANGUAGE_STANDARD = "gnu++20";
				CLANG_ENABLE_MODULES = YES;
				CLANG_ENABLE_OBJC_ARC = YES;
				CLANG_ENABLE_OBJC_WEAK = YES;
				CLANG_WARN_BLOCK_CAPTURE_AUTORELEASING = YES;
				CLANG_WARN_BOOL_CONVERSION = YES;
				CLANG_WARN_COMMA = YES;
				CLANG_WARN_CONSTANT_CONVERSION = YES;
				CLANG_WARN_DEPRECATED_OBJC_IMPLEMENTATIONS = YES;
				CLANG_WARN_DIRECT_OBJC_ISA_USAGE = YES_ERROR;
				CLANG_WARN_DOCUMENTATION_COMMENTS = YES;
				CLANG_WARN_EMPTY_BODY = YES;
				CLANG_WARN_ENUM_CONVERSION = YES;
				CLANG_WARN_INFINITE_RECURSION = YES;
				CLANG_WARN_INT_CONVERSION = YES;
				CLANG_WARN_NON_LITERAL_NULL_CONVERSION = YES;
				CLANG_WARN_OBJC_IMPLICIT_RETAIN_SELF = YES;
				CLANG_WARN_OBJC_LITERAL_CONVERSION = YES;
				CLANG_WARN_OBJC_ROOT_CLASS = YES_ERROR;
				CLANG_WARN_QUOTED_INCLUDE_IN_FRAMEWORK_HEADER = YES;
				CLANG_WARN_RANGE_LOOP_ANALYSIS = YES;
				CLANG_WARN_STRICT_PROTOTYPES = YES;
				CLANG_WARN_SUSPICIOUS_MOVE = YES;
				CLANG_WARN_UNGUARDED_AVAILABILITY = YES_AGGRESSIVE;
				CLANG_WARN_UNREACHABLE_CODE = YES;
				CLANG_WARN__DUPLICATE_METHOD_MATCH = YES;
				COPY_PHASE_STRIP = NO;
				DEBUG_INFORMATION_FORMAT = "dwarf-with-dsym";
				ENABLE_NS_ASSERTIONS = NO;
				ENABLE_STRICT_OBJC_MSGSEND = YES;
				GCC_C_LANGUAGE_STANDARD = gnu11;
				GCC_NO_COMMON_BLOCKS = YES;
				GCC_WARN_64_TO_32_BIT_CONVERSION = YES;
				GCC_WARN_ABOUT_RETURN_TYPE = YES_ERROR;
				GCC_WARN_UNDECLARED_SELECTOR = YES;
				GCC_WARN_UNINITIALIZED_AUTOS = YES_AGGRESSIVE;
				GCC_WARN_UNUSED_FUNCTION = YES;
				GCC_WARN_UNUSED_VARIABLE = YES;
				IPHONEOS_DEPLOYMENT_TARGET = 16.0;
				MTL_ENABLE_DEBUG_INFO = NO;
				MTL_FAST_MATH = YES;
				SDKROOT = iphoneos;
				SWIFT_COMPILATION_MODE = wholemodule;
				SWIFT_OPTIMIZATION_LEVEL = "-O";
				VALIDATE_PRODUCT = YES;
			};
			name = Release;
		};
		0448FFAB28FCE640000B0403 /* Debug */ = {
			isa = XCBuildConfiguration;
			buildSettings = {
				ASSETCATALOG_COMPILER_APPICON_NAME = AppIcon;
				ASSETCATALOG_COMPILER_GLOBAL_ACCENT_COLOR_NAME = AccentColor;
				CODE_SIGN_STYLE = Automatic;
				CURRENT_PROJECT_VERSION = 1;
				DEVELOPMENT_TEAM = Z39654U367;
				GENERATE_INFOPLIST_FILE = YES;
				INFOPLIST_FILE = AppMusicPlayer/Info.plist;
				INFOPLIST_KEY_UIApplicationSupportsIndirectInputEvents = YES;
				INFOPLIST_KEY_UILaunchStoryboardName = LaunchScreen;
				INFOPLIST_KEY_UIMainStoryboardFile = Main;
				INFOPLIST_KEY_UISupportedInterfaceOrientations_iPad = "UIInterfaceOrientationPortrait UIInterfaceOrientationPortraitUpsideDown UIInterfaceOrientationLandscapeLeft UIInterfaceOrientationLandscapeRight";
				INFOPLIST_KEY_UISupportedInterfaceOrientations_iPhone = "UIInterfaceOrientationPortrait UIInterfaceOrientationLandscapeLeft UIInterfaceOrientationLandscapeRight";
				IPHONEOS_DEPLOYMENT_TARGET = 14.3;
				LD_RUNPATH_SEARCH_PATHS = (
					"$(inherited)",
					"@executable_path/Frameworks",
				);
				MARKETING_VERSION = 1.0;
				PRODUCT_BUNDLE_IDENTIFIER = "Do-Quang-Khanh.AppMusicPlayer";
				PRODUCT_NAME = "$(TARGET_NAME)";
				SWIFT_EMIT_LOC_STRINGS = YES;
				SWIFT_VERSION = 5.0;
				TARGETED_DEVICE_FAMILY = "1,2";
			};
			name = Debug;
		};
		0448FFAC28FCE640000B0403 /* Release */ = {
			isa = XCBuildConfiguration;
			buildSettings = {
				ASSETCATALOG_COMPILER_APPICON_NAME = AppIcon;
				ASSETCATALOG_COMPILER_GLOBAL_ACCENT_COLOR_NAME = AccentColor;
				CODE_SIGN_STYLE = Automatic;
				CURRENT_PROJECT_VERSION = 1;
				DEVELOPMENT_TEAM = Z39654U367;
				GENERATE_INFOPLIST_FILE = YES;
				INFOPLIST_FILE = AppMusicPlayer/Info.plist;
				INFOPLIST_KEY_UIApplicationSupportsIndirectInputEvents = YES;
				INFOPLIST_KEY_UILaunchStoryboardName = LaunchScreen;
				INFOPLIST_KEY_UIMainStoryboardFile = Main;
				INFOPLIST_KEY_UISupportedInterfaceOrientations_iPad = "UIInterfaceOrientationPortrait UIInterfaceOrientationPortraitUpsideDown UIInterfaceOrientationLandscapeLeft UIInterfaceOrientationLandscapeRight";
				INFOPLIST_KEY_UISupportedInterfaceOrientations_iPhone = "UIInterfaceOrientationPortrait UIInterfaceOrientationLandscapeLeft UIInterfaceOrientationLandscapeRight";
				IPHONEOS_DEPLOYMENT_TARGET = 14.3;
				LD_RUNPATH_SEARCH_PATHS = (
					"$(inherited)",
					"@executable_path/Frameworks",
				);
				MARKETING_VERSION = 1.0;
				PRODUCT_BUNDLE_IDENTIFIER = "Do-Quang-Khanh.AppMusicPlayer";
				PRODUCT_NAME = "$(TARGET_NAME)";
				SWIFT_EMIT_LOC_STRINGS = YES;
				SWIFT_VERSION = 5.0;
				TARGETED_DEVICE_FAMILY = "1,2";
			};
			name = Release;
		};
/* End XCBuildConfiguration section */

/* Begin XCConfigurationList section */
		0448FF9128FCE63F000B0403 /* Build configuration list for PBXProject "AppMusicPlayer" */ = {
			isa = XCConfigurationList;
			buildConfigurations = (
				0448FFA828FCE640000B0403 /* Debug */,
				0448FFA928FCE640000B0403 /* Release */,
			);
			defaultConfigurationIsVisible = 0;
			defaultConfigurationName = Release;
		};
		0448FFAA28FCE640000B0403 /* Build configuration list for PBXNativeTarget "AppMusicPlayer" */ = {
			isa = XCConfigurationList;
			buildConfigurations = (
				0448FFAB28FCE640000B0403 /* Debug */,
				0448FFAC28FCE640000B0403 /* Release */,
			);
			defaultConfigurationIsVisible = 0;
			defaultConfigurationName = Release;
		};
/* End XCConfigurationList section */
	};
	rootObject = 0448FF8E28FCE63F000B0403 /* Project object */;
}
